// !$*UTF8*$!
{
	archiveVersion = 1;
	classes = {
	};
	objectVersion = 50;
	objects = {

/* Begin PBXBuildFile section */
		11BD52112588F06E00B64E39 /* SliderSwiftUIApp.swift in Sources */ = {isa = PBXBuildFile; fileRef = 11BD52102588F06E00B64E39 /* SliderSwiftUIApp.swift */; };
		11BD52132588F06E00B64E39 /* ContentView.swift in Sources */ = {isa = PBXBuildFile; fileRef = 11BD52122588F06E00B64E39 /* ContentView.swift */; };
		11BD52152588F07300B64E39 /* Assets.xcassets in Resources */ = {isa = PBXBuildFile; fileRef = 11BD52142588F07300B64E39 /* Assets.xcassets */; };
		11BD52182588F07300B64E39 /* Preview Assets.xcassets in Resources */ = {isa = PBXBuildFile; fileRef = 11BD52172588F07300B64E39 /* Preview Assets.xcassets */; };
		11BD52222588F0FC00B64E39 /* SliderColor.swift in Sources */ = {isa = PBXBuildFile; fileRef = 11BD52212588F0FC00B64E39 /* SliderColor.swift */; };
		11D0D7D32588FBA80057A8FC /* ColorView.swift in Sources */ = {isa = PBXBuildFile; fileRef = 11D0D7D22588FBA80057A8FC /* ColorView.swift */; };
/* End PBXBuildFile section */

/* Begin PBXFileReference section */
		11BD520D2588F06E00B64E39 /* SliderSwiftUI.app */ = {isa = PBXFileReference; explicitFileType = wrapper.application; includeInIndex = 0; path = SliderSwiftUI.app; sourceTree = BUILT_PRODUCTS_DIR; };
		11BD52102588F06E00B64E39 /* SliderSwiftUIApp.swift */ = {isa = PBXFileReference; lastKnownFileType = sourcecode.swift; path = SliderSwiftUIApp.swift; sourceTree = "<group>"; };
		11BD52122588F06E00B64E39 /* ContentView.swift */ = {isa = PBXFileReference; lastKnownFileType = sourcecode.swift; path = ContentView.swift; sourceTree = "<group>"; };
		11BD52142588F07300B64E39 /* Assets.xcassets */ = {isa = PBXFileReference; lastKnownFileType = folder.assetcatalog; path = Assets.xcassets; sourceTree = "<group>"; };
		11BD52172588F07300B64E39 /* Preview Assets.xcassets */ = {isa = PBXFileReference; lastKnownFileType = folder.assetcatalog; path = "Preview Assets.xcassets"; sourceTree = "<group>"; };
		11BD52192588F07300B64E39 /* Info.plist */ = {isa = PBXFileReference; lastKnownFileType = text.plist.xml; path = Info.plist; sourceTree = "<group>"; };
		11BD52212588F0FC00B64E39 /* SliderColor.swift */ = {isa = PBXFileReference; lastKnownFileType = sourcecode.swift; path = SliderColor.swift; sourceTree = "<group>"; };
		11D0D7D22588FBA80057A8FC /* ColorView.swift */ = {isa = PBXFileReference; lastKnownFileType = sourcecode.swift; path = ColorView.swift; sourceTree = "<group>"; };
/* End PBXFileReference section */

/* Begin PBXFrameworksBuildPhase section */
		11BD520A2588F06E00B64E39 /* Frameworks */ = {
			isa = PBXFrameworksBuildPhase;
			buildActionMask = 2147483647;
			files = (
			);
			runOnlyForDeploymentPostprocessing = 0;
		};
/* End PBXFrameworksBuildPhase section */

/* Begin PBXGroup section */
		11BD52042588F06E00B64E39 = {
			isa = PBXGroup;
			children = (
				11BD520F2588F06E00B64E39 /* SliderSwiftUI */,
				11BD520E2588F06E00B64E39 /* Products */,
			);
			sourceTree = "<group>";
		};
		11BD520E2588F06E00B64E39 /* Products */ = {
			isa = PBXGroup;
			children = (
				11BD520D2588F06E00B64E39 /* SliderSwiftUI.app */,
			);
			name = Products;
			sourceTree = "<group>";
		};
		11BD520F2588F06E00B64E39 /* SliderSwiftUI */ = {
			isa = PBXGroup;
			children = (
				11BD52102588F06E00B64E39 /* SliderSwiftUIApp.swift */,
				11BD52122588F06E00B64E39 /* ContentView.swift */,
				11D0D7D22588FBA80057A8FC /* ColorView.swift */,
				11BD52212588F0FC00B64E39 /* SliderColor.swift */,
				11BD52142588F07300B64E39 /* Assets.xcassets */,
				11BD52192588F07300B64E39 /* Info.plist */,
				11BD52162588F07300B64E39 /* Preview Content */,
			);
			path = SliderSwiftUI;
			sourceTree = "<group>";
		};
		11BD52162588F07300B64E39 /* Preview Content */ = {
			isa = PBXGroup;
			children = (
				11BD52172588F07300B64E39 /* Preview Assets.xcassets */,
			);
			path = "Preview Content";
			sourceTree = "<group>";
		};
/* End PBXGroup section */

/* Begin PBXNativeTarget section */
		11BD520C2588F06E00B64E39 /* SliderSwiftUI */ = {
			isa = PBXNativeTarget;
			buildConfigurationList = 11BD521C2588F07300B64E39 /* Build configuration list for PBXNativeTarget "SliderSwiftUI" */;
			buildPhases = (
				11BD52092588F06E00B64E39 /* Sources */,
				11BD520A2588F06E00B64E39 /* Frameworks */,
				11BD520B2588F06E00B64E39 /* Resources */,
			);
			buildRules = (
			);
			dependencies = (
			);
			name = SliderSwiftUI;
			productName = SliderSwiftUI;
			productReference = 11BD520D2588F06E00B64E39 /* SliderSwiftUI.app */;
			productType = "com.apple.product-type.application";
		};
/* End PBXNativeTarget section */

/* Begin PBXProject section */
		11BD52052588F06E00B64E39 /* Project object */ = {
			isa = PBXProject;
			attributes = {
				LastSwiftUpdateCheck = 1220;
				LastUpgradeCheck = 1220;
				TargetAttributes = {
					11BD520C2588F06E00B64E39 = {
						CreatedOnToolsVersion = 12.2;
					};
				};
			};
			buildConfigurationList = 11BD52082588F06E00B64E39 /* Build configuration list for PBXProject "SliderSwiftUI" */;
			compatibilityVersion = "Xcode 9.3";
			developmentRegion = en;
			hasScannedForEncodings = 0;
			knownRegions = (
				en,
				Base,
			);
			mainGroup = 11BD52042588F06E00B64E39;
			productRefGroup = 11BD520E2588F06E00B64E39 /* Products */;
			projectDirPath = "";
			projectRoot = "";
			targets = (
				11BD520C2588F06E00B64E39 /* SliderSwiftUI */,
			);
		};
/* End PBXProject section */

/* Begin PBXResourcesBuildPhase section */
		11BD520B2588F06E00B64E39 /* Resources */ = {
			isa = PBXResourcesBuildPhase;
			buildActionMask = 2147483647;
			files = (
				11BD52182588F07300B64E39 /* Preview Assets.xcassets in Resources */,
				11BD52152588F07300B64E39 /* Assets.xcassets in Resources */,
			);
			runOnlyForDeploymentPostprocessing = 0;
		};
/* End PBXResourcesBuildPhase section */

/* Begin PBXSourcesBuildPhase section */
		11BD52092588F06E00B64E39 /* Sources */ = {
			isa = PBXSourcesBuildPhase;
			buildActionMask = 2147483647;
			files = (
				11D0D7D32588FBA80057A8FC /* ColorView.swift in Sources */,
				11BD52132588F06E00B64E39 /* ContentView.swift in Sources */,
				11BD52222588F0FC00B64E39 /* SliderColor.swift in Sources */,
				11BD52112588F06E00B64E39 /* SliderSwiftUIApp.swift in Sources */,
			);
			runOnlyForDeploymentPostprocessing = 0;
		};
/* End PBXSourcesBuildPhase section */

/* Begin XCBuildConfiguration section */
		11BD521A2588F07300B64E39 /* Debug */ = {
			isa = XCBuildConfiguration;
			buildSettings = {
				ALWAYS_SEARCH_USER_PATHS = NO;
				CLANG_ANALYZER_NONNULL = YES;
				CLANG_ANALYZER_NUMBER_OBJECT_CONVERSION = YES_AGGRESSIVE;
				CLANG_CXX_LANGUAGE_STANDARD = "gnu++14";
				CLANG_CXX_LIBRARY = "libc++";
				CLANG_ENABLE_MODULES = YES;
				CLANG_ENABLE_OBJC_ARC = YES;
				CLANG_ENABLE_OBJC_WEAK = YES;
				CLANG_WARN_BLOCK_CAPTURE_AUTORELEASING = YES;
				CLANG_WARN_BOOL_CONVERSION = YES;
				CLANG_WARN_COMMA = YES;
				CLANG_WARN_CONSTANT_CONVERSION = YES;
				CLANG_WARN_DEPRECATED_OBJC_IMPLEMENTATIONS = YES;
				CLANG_WARN_DIRECT_OBJC_ISA_USAGE = YES_ERROR;
				CLANG_WARN_DOCUMENTATION_COMMENTS = YES;
				CLANG_WARN_EMPTY_BODY = YES;
				CLANG_WARN_ENUM_CONVERSION = YES;
				CLANG_WARN_INFINITE_RECURSION = YES;
				CLANG_WARN_INT_CONVERSION = YES;
				CLANG_WARN_NON_LITERAL_NULL_CONVERSION = YES;
				CLANG_WARN_OBJC_IMPLICIT_RETAIN_SELF = YES;
				CLANG_WARN_OBJC_LITERAL_CONVERSION = YES;
				CLANG_WARN_OBJC_ROOT_CLASS = YES_ERROR;
				CLANG_WARN_QUOTED_INCLUDE_IN_FRAMEWORK_HEADER = YES;
				CLANG_WARN_RANGE_LOOP_ANALYSIS = YES;
				CLANG_WARN_STRICT_PROTOTYPES = YES;
				CLANG_WARN_SUSPICIOUS_MOVE = YES;
				CLANG_WARN_UNGUARDED_AVAILABILITY = YES_AGGRESSIVE;
				CLANG_WARN_UNREACHABLE_CODE = YES;
				CLANG_WARN__DUPLICATE_METHOD_MATCH = YES;
				COPY_PHASE_STRIP = NO;
				DEBUG_INFORMATION_FORMAT = dwarf;
				ENABLE_STRICT_OBJC_MSGSEND = YES;
				ENABLE_TESTABILITY = YES;
				GCC_C_LANGUAGE_STANDARD = gnu11;
				GCC_DYNAMIC_NO_PIC = NO;
				GCC_NO_COMMON_BLOCKS = YES;
				GCC_OPTIMIZATION_LEVEL = 0;
				GCC_PREPROCESSOR_DEFINITIONS = (
					"DEBUG=1",
					"$(inherited)",
				);
				GCC_WARN_64_TO_32_BIT_CONVERSION = YES;
				GCC_WARN_ABOUT_RETURN_TYPE = YES_ERROR;
				GCC_WARN_UNDECLARED_SELECTOR = YES;
				GCC_WARN_UNINITIALIZED_AUTOS = YES_AGGRESSIVE;
				GCC_WARN_UNUSED_FUNCTION = YES;
				GCC_WARN_UNUSED_VARIABLE = YES;
				IPHONEOS_DEPLOYMENT_TARGET = 14.2;
				MTL_ENABLE_DEBUG_INFO = INCLUDE_SOURCE;
				MTL_FAST_MATH = YES;
				ONLY_ACTIVE_ARCH = YES;
				SDKROOT = iphoneos;
				SWIFT_ACTIVE_COMPILATION_CONDITIONS = DEBUG;
				SWIFT_OPTIMIZATION_LEVEL = "-Onone";
			};
			name = Debug;
		};
		11BD521B2588F07300B64E39 /* Release */ = {
			isa = XCBuildConfiguration;
			buildSettings = {
				ALWAYS_SEARCH_USER_PATHS = NO;
				CLANG_ANALYZER_NONNULL = YES;
				CLANG_ANALYZER_NUMBER_OBJECT_CONVERSION = YES_AGGRESSIVE;
				CLANG_CXX_LANGUAGE_STANDARD = "gnu++14";
				CLANG_CXX_LIBRARY = "libc++";
				CLANG_ENABLE_MODULES = YES;
				CLANG_ENABLE_OBJC_ARC = YES;
				CLANG_ENABLE_OBJC_WEAK = YES;
				CLANG_WARN_BLOCK_CAPTURE_AUTORELEASING = YES;
				CLANG_WARN_BOOL_CONVERSION = YES;
				CLANG_WARN_COMMA = YES;
				CLANG_WARN_CONSTANT_CONVERSION = YES;
				CLANG_WARN_DEPRECATED_OBJC_IMPLEMENTATIONS = YES;
				CLANG_WARN_DIRECT_OBJC_ISA_USAGE = YES_ERROR;
				CLANG_WARN_DOCUMENTATION_COMMENTS = YES;
				CLANG_WARN_EMPTY_BODY = YES;
				CLANG_WARN_ENUM_CONVERSION = YES;
				CLANG_WARN_INFINITE_RECURSION = YES;
				CLANG_WARN_INT_CONVERSION = YES;
				CLANG_WARN_NON_LITERAL_NULL_CONVERSION = YES;
				CLANG_WARN_OBJC_IMPLICIT_RETAIN_SELF = YES;
				CLANG_WARN_OBJC_LITERAL_CONVERSION = YES;
				CLANG_WARN_OBJC_ROOT_CLASS = YES_ERROR;
				CLANG_WARN_QUOTED_INCLUDE_IN_FRAMEWORK_HEADER = YES;
				CLANG_WARN_RANGE_LOOP_ANALYSIS = YES;
				CLANG_WARN_STRICT_PROTOTYPES = YES;
				CLANG_WARN_SUSPICIOUS_MOVE = YES;
				CLANG_WARN_UNGUARDED_AVAILABILITY = YES_AGGRESSIVE;
				CLANG_WARN_UNREACHABLE_CODE = YES;
				CLANG_WARN__DUPLICATE_METHOD_MATCH = YES;
				COPY_PHASE_STRIP = NO;
				DEBUG_INFORMATION_FORMAT = "dwarf-with-dsym";
				ENABLE_NS_ASSERTIONS = NO;
				ENABLE_STRICT_OBJC_MSGSEND = YES;
				GCC_C_LANGUAGE_STANDARD = gnu11;
				GCC_NO_COMMON_BLOCKS = YES;
				GCC_WARN_64_TO_32_BIT_CONVERSION = YES;
				GCC_WARN_ABOUT_RETURN_TYPE = YES_ERROR;
				GCC_WARN_UNDECLARED_SELECTOR = YES;
				GCC_WARN_UNINITIALIZED_AUTOS = YES_AGGRESSIVE;
				GCC_WARN_UNUSED_FUNCTION = YES;
				GCC_WARN_UNUSED_VARIABLE = YES;
				IPHONEOS_DEPLOYMENT_TARGET = 14.2;
				MTL_ENABLE_DEBUG_INFO = NO;
				MTL_FAST_MATH = YES;
				SDKROOT = iphoneos;
				SWIFT_COMPILATION_MODE = wholemodule;
				SWIFT_OPTIMIZATION_LEVEL = "-O";
				VALIDATE_PRODUCT = YES;
			};
			name = Release;
		};
		11BD521D2588F07300B64E39 /* Debug */ = {
			isa = XCBuildConfiguration;
			buildSettings = {
				ASSETCATALOG_COMPILER_APPICON_NAME = AppIcon;
				ASSETCATALOG_COMPILER_GLOBAL_ACCENT_COLOR_NAME = AccentColor;
				CODE_SIGN_STYLE = Automatic;
				DEVELOPMENT_ASSET_PATHS = "\"SliderSwiftUI/Preview Content\"";
				DEVELOPMENT_TEAM = 95ZUNS462R;
				ENABLE_PREVIEWS = YES;
				INFOPLIST_FILE = SliderSwiftUI/Info.plist;
				IPHONEOS_DEPLOYMENT_TARGET = 14.0;
				LD_RUNPATH_SEARCH_PATHS = (
					"$(inherited)",
					"@executable_path/Frameworks",
				);
				PRODUCT_BUNDLE_IDENTIFIER = Nikita.SliderSwiftUI;
				PRODUCT_NAME = "$(TARGET_NAME)";
				SWIFT_VERSION = 5.0;
				TARGETED_DEVICE_FAMILY = "1,2";
			};
			name = Debug;
		};
		11BD521E2588F07300B64E39 /* Release */ = {
			isa = XCBuildConfiguration;
			buildSettings = {
				ASSETCATALOG_COMPILER_APPICON_NAME = AppIcon;
				ASSETCATALOG_COMPILER_GLOBAL_ACCENT_COLOR_NAME = AccentColor;
				CODE_SIGN_STYLE = Automatic;
				DEVELOPMENT_ASSET_PATHS = "\"SliderSwiftUI/Preview Content\"";
				DEVELOPMENT_TEAM = 95ZUNS462R;
				ENABLE_PREVIEWS = YES;
				INFOPLIST_FILE = SliderSwiftUI/Info.plist;
				IPHONEOS_DEPLOYMENT_TARGET = 14.0;
				LD_RUNPATH_SEARCH_PATHS = (
					"$(inherited)",
					"@executable_path/Frameworks",
				);
				PRODUCT_BUNDLE_IDENTIFIER = Nikita.SliderSwiftUI;
				PRODUCT_NAME = "$(TARGET_NAME)";
				SWIFT_VERSION = 5.0;
				TARGETED_DEVICE_FAMILY = "1,2";
			};
			name = Release;
		};
/* End XCBuildConfiguration section */

/* Begin XCConfigurationList section */
		11BD52082588F06E00B64E39 /* Build configuration list for PBXProject "SliderSwiftUI" */ = {
			isa = XCConfigurationList;
			buildConfigurations = (
				11BD521A2588F07300B64E39 /* Debug */,
				11BD521B2588F07300B64E39 /* Release */,
			);
			defaultConfigurationIsVisible = 0;
			defaultConfigurationName = Release;
		};
		11BD521C2588F07300B64E39 /* Build configuration list for PBXNativeTarget "SliderSwiftUI" */ = {
			isa = XCConfigurationList;
			buildConfigurations = (
				11BD521D2588F07300B64E39 /* Debug */,
				11BD521E2588F07300B64E39 /* Release */,
			);
			defaultConfigurationIsVisible = 0;
			defaultConfigurationName = Release;
		};
/* End XCConfigurationList section */
	};
	rootObject = 11BD52052588F06E00B64E39 /* Project object */;
}
